// !$*UTF8*$!
{
	archiveVersion = 1;
	classes = {
	};
	objectVersion = 56;
	objects = {

/* Begin PBXBuildFile section */
		2331C57429EB53F900F046C2 /* FirebaseFirestore in Frameworks */ = {isa = PBXBuildFile; productRef = 2331C57329EB53F900F046C2 /* FirebaseFirestore */; };
		2331C57629EB53F900F046C2 /* FirebaseFirestoreSwift in Frameworks */ = {isa = PBXBuildFile; productRef = 2331C57529EB53F900F046C2 /* FirebaseFirestoreSwift */; };
		2331C57A29EB549500F046C2 /* SettingsViewModel.swift in Sources */ = {isa = PBXBuildFile; fileRef = 2331C57929EB549500F046C2 /* SettingsViewModel.swift */; };
		2331C57D29EB54C800F046C2 /* AuthViewModel.swift in Sources */ = {isa = PBXBuildFile; fileRef = 2331C57C29EB54C800F046C2 /* AuthViewModel.swift */; };
		2331C58029EB54F400F046C2 /* SignUpViewModel.swift in Sources */ = {isa = PBXBuildFile; fileRef = 2331C57F29EB54F400F046C2 /* SignUpViewModel.swift */; };
		2331C58329EB553900F046C2 /* ProfileView.swift in Sources */ = {isa = PBXBuildFile; fileRef = 2331C58229EB553900F046C2 /* ProfileView.swift */; };
		2331C58629EB582F00F046C2 /* UserManager.swift in Sources */ = {isa = PBXBuildFile; fileRef = 2331C58529EB582F00F046C2 /* UserManager.swift */; };
		2345F51129CB1612002AF1DA /* GoogleSignIn in Frameworks */ = {isa = PBXBuildFile; productRef = 2345F51029CB1612002AF1DA /* GoogleSignIn */; };
		2345F51329CB1612002AF1DA /* GoogleSignInSwift in Frameworks */ = {isa = PBXBuildFile; productRef = 2345F51229CB1612002AF1DA /* GoogleSignInSwift */; };
		2345F51729CB19E3002AF1DA /* Utilites.swift in Sources */ = {isa = PBXBuildFile; fileRef = 2345F51629CB19E3002AF1DA /* Utilites.swift */; };
		2345F51929CB20B8002AF1DA /* SignInGoogleHelper.swift in Sources */ = {isa = PBXBuildFile; fileRef = 2345F51829CB20B8002AF1DA /* SignInGoogleHelper.swift */; };
		239F430529C9DE5F006A0C05 /* FirebasePracticeAppApp.swift in Sources */ = {isa = PBXBuildFile; fileRef = 239F430429C9DE5F006A0C05 /* FirebasePracticeAppApp.swift */; };
		239F430729C9DE5F006A0C05 /* ContentView.swift in Sources */ = {isa = PBXBuildFile; fileRef = 239F430629C9DE5F006A0C05 /* ContentView.swift */; };
		239F430929C9DE60006A0C05 /* Assets.xcassets in Resources */ = {isa = PBXBuildFile; fileRef = 239F430829C9DE60006A0C05 /* Assets.xcassets */; };
		239F430D29C9DE60006A0C05 /* Preview Assets.xcassets in Resources */ = {isa = PBXBuildFile; fileRef = 239F430C29C9DE60006A0C05 /* Preview Assets.xcassets */; };
		239F431429C9DF45006A0C05 /* GoogleService-Info.plist in Resources */ = {isa = PBXBuildFile; fileRef = 239F431329C9DF45006A0C05 /* GoogleService-Info.plist */; };
		239F431729C9DF92006A0C05 /* FirebaseAnalytics in Frameworks */ = {isa = PBXBuildFile; productRef = 239F431629C9DF92006A0C05 /* FirebaseAnalytics */; };
		239F431929C9DF92006A0C05 /* FirebaseAnalyticsSwift in Frameworks */ = {isa = PBXBuildFile; productRef = 239F431829C9DF92006A0C05 /* FirebaseAnalyticsSwift */; };
		239F431B29C9DF92006A0C05 /* FirebaseAuth in Frameworks */ = {isa = PBXBuildFile; productRef = 239F431A29C9DF92006A0C05 /* FirebaseAuth */; };
		239F431E29C9E00F006A0C05 /* AuthenticationView.swift in Sources */ = {isa = PBXBuildFile; fileRef = 239F431D29C9E00F006A0C05 /* AuthenticationView.swift */; };
		239F432029C9E0C1006A0C05 /* SignUpWithEmalView.swift in Sources */ = {isa = PBXBuildFile; fileRef = 239F431F29C9E0C1006A0C05 /* SignUpWithEmalView.swift */; };
		239F432229C9E1C3006A0C05 /* AuthManager.swift in Sources */ = {isa = PBXBuildFile; fileRef = 239F432129C9E1C3006A0C05 /* AuthManager.swift */; };
		239F432429C9E721006A0C05 /* RootView.swift in Sources */ = {isa = PBXBuildFile; fileRef = 239F432329C9E721006A0C05 /* RootView.swift */; };
		239F432629C9E8C6006A0C05 /* SettingsView.swift in Sources */ = {isa = PBXBuildFile; fileRef = 239F432529C9E8C6006A0C05 /* SettingsView.swift */; };
/* End PBXBuildFile section */

/* Begin PBXFileReference section */
		2331C57929EB549500F046C2 /* SettingsViewModel.swift */ = {isa = PBXFileReference; lastKnownFileType = sourcecode.swift; path = SettingsViewModel.swift; sourceTree = "<group>"; };
		2331C57C29EB54C800F046C2 /* AuthViewModel.swift */ = {isa = PBXFileReference; lastKnownFileType = sourcecode.swift; path = AuthViewModel.swift; sourceTree = "<group>"; };
		2331C57F29EB54F400F046C2 /* SignUpViewModel.swift */ = {isa = PBXFileReference; lastKnownFileType = sourcecode.swift; path = SignUpViewModel.swift; sourceTree = "<group>"; };
		2331C58229EB553900F046C2 /* ProfileView.swift */ = {isa = PBXFileReference; lastKnownFileType = sourcecode.swift; path = ProfileView.swift; sourceTree = "<group>"; };
		2331C58529EB582F00F046C2 /* UserManager.swift */ = {isa = PBXFileReference; lastKnownFileType = sourcecode.swift; path = UserManager.swift; sourceTree = "<group>"; };
		2345F51429CB164E002AF1DA /* Info.plist */ = {isa = PBXFileReference; lastKnownFileType = text.plist; path = Info.plist; sourceTree = "<group>"; };
		2345F51629CB19E3002AF1DA /* Utilites.swift */ = {isa = PBXFileReference; lastKnownFileType = sourcecode.swift; path = Utilites.swift; sourceTree = "<group>"; };
		2345F51829CB20B8002AF1DA /* SignInGoogleHelper.swift */ = {isa = PBXFileReference; lastKnownFileType = sourcecode.swift; path = SignInGoogleHelper.swift; sourceTree = "<group>"; };
		239F430129C9DE5F006A0C05 /* FirebasePracticeApp.app */ = {isa = PBXFileReference; explicitFileType = wrapper.application; includeInIndex = 0; path = FirebasePracticeApp.app; sourceTree = BUILT_PRODUCTS_DIR; };
		239F430429C9DE5F006A0C05 /* FirebasePracticeAppApp.swift */ = {isa = PBXFileReference; lastKnownFileType = sourcecode.swift; path = FirebasePracticeAppApp.swift; sourceTree = "<group>"; };
		239F430629C9DE5F006A0C05 /* ContentView.swift */ = {isa = PBXFileReference; lastKnownFileType = sourcecode.swift; path = ContentView.swift; sourceTree = "<group>"; };
		239F430829C9DE60006A0C05 /* Assets.xcassets */ = {isa = PBXFileReference; lastKnownFileType = folder.assetcatalog; path = Assets.xcassets; sourceTree = "<group>"; };
		239F430A29C9DE60006A0C05 /* FirebasePracticeApp.entitlements */ = {isa = PBXFileReference; lastKnownFileType = text.plist.entitlements; path = FirebasePracticeApp.entitlements; sourceTree = "<group>"; };
		239F430C29C9DE60006A0C05 /* Preview Assets.xcassets */ = {isa = PBXFileReference; lastKnownFileType = folder.assetcatalog; path = "Preview Assets.xcassets"; sourceTree = "<group>"; };
		239F431329C9DF45006A0C05 /* GoogleService-Info.plist */ = {isa = PBXFileReference; fileEncoding = 4; lastKnownFileType = text.plist.xml; path = "GoogleService-Info.plist"; sourceTree = "<group>"; };
		239F431D29C9E00F006A0C05 /* AuthenticationView.swift */ = {isa = PBXFileReference; lastKnownFileType = sourcecode.swift; path = AuthenticationView.swift; sourceTree = "<group>"; };
		239F431F29C9E0C1006A0C05 /* SignUpWithEmalView.swift */ = {isa = PBXFileReference; lastKnownFileType = sourcecode.swift; path = SignUpWithEmalView.swift; sourceTree = "<group>"; };
		239F432129C9E1C3006A0C05 /* AuthManager.swift */ = {isa = PBXFileReference; lastKnownFileType = sourcecode.swift; path = AuthManager.swift; sourceTree = "<group>"; };
		239F432329C9E721006A0C05 /* RootView.swift */ = {isa = PBXFileReference; lastKnownFileType = sourcecode.swift; path = RootView.swift; sourceTree = "<group>"; };
		239F432529C9E8C6006A0C05 /* SettingsView.swift */ = {isa = PBXFileReference; lastKnownFileType = sourcecode.swift; path = SettingsView.swift; sourceTree = "<group>"; };
/* End PBXFileReference section */

/* Begin PBXFrameworksBuildPhase section */
		239F42FE29C9DE5F006A0C05 /* Frameworks */ = {
			isa = PBXFrameworksBuildPhase;
			buildActionMask = 2147483647;
			files = (
				2345F51329CB1612002AF1DA /* GoogleSignInSwift in Frameworks */,
				239F431929C9DF92006A0C05 /* FirebaseAnalyticsSwift in Frameworks */,
				2345F51129CB1612002AF1DA /* GoogleSignIn in Frameworks */,
				2331C57629EB53F900F046C2 /* FirebaseFirestoreSwift in Frameworks */,
				239F431B29C9DF92006A0C05 /* FirebaseAuth in Frameworks */,
				239F431729C9DF92006A0C05 /* FirebaseAnalytics in Frameworks */,
				2331C57429EB53F900F046C2 /* FirebaseFirestore in Frameworks */,
			);
			runOnlyForDeploymentPostprocessing = 0;
		};
/* End PBXFrameworksBuildPhase section */

/* Begin PBXGroup section */
		2331C57229EB53F900F046C2 /* Frameworks */ = {
			isa = PBXGroup;
			children = (
			);
			name = Frameworks;
			sourceTree = "<group>";
		};
		2331C57729EB545600F046C2 /* Core */ = {
			isa = PBXGroup;
			children = (
				2331C58129EB552D00F046C2 /* Profile */,
				239F432329C9E721006A0C05 /* RootView.swift */,
				2331C57B29EB54AD00F046C2 /* Auth */,
				2331C57829EB548700F046C2 /* Settings */,
			);
			path = Core;
			sourceTree = "<group>";
		};
		2331C57829EB548700F046C2 /* Settings */ = {
			isa = PBXGroup;
			children = (
				239F432529C9E8C6006A0C05 /* SettingsView.swift */,
				2331C57929EB549500F046C2 /* SettingsViewModel.swift */,
			);
			path = Settings;
			sourceTree = "<group>";
		};
		2331C57B29EB54AD00F046C2 /* Auth */ = {
			isa = PBXGroup;
			children = (
				239F431D29C9E00F006A0C05 /* AuthenticationView.swift */,
				2331C57C29EB54C800F046C2 /* AuthViewModel.swift */,
				2331C57E29EB54E400F046C2 /* Subviews */,
			);
			path = Auth;
			sourceTree = "<group>";
		};
		2331C57E29EB54E400F046C2 /* Subviews */ = {
			isa = PBXGroup;
			children = (
				239F431F29C9E0C1006A0C05 /* SignUpWithEmalView.swift */,
				2331C57F29EB54F400F046C2 /* SignUpViewModel.swift */,
			);
			path = Subviews;
			sourceTree = "<group>";
		};
		2331C58129EB552D00F046C2 /* Profile */ = {
			isa = PBXGroup;
			children = (
				2331C58229EB553900F046C2 /* ProfileView.swift */,
			);
			path = Profile;
			sourceTree = "<group>";
		};
		2331C58429EB582300F046C2 /* Firestore */ = {
			isa = PBXGroup;
			children = (
				2331C58529EB582F00F046C2 /* UserManager.swift */,
			);
			path = Firestore;
			sourceTree = "<group>";
		};
		2345F51529CB19D7002AF1DA /* Utilities */ = {
			isa = PBXGroup;
			children = (
				2345F51629CB19E3002AF1DA /* Utilites.swift */,
			);
			path = Utilities;
			sourceTree = "<group>";
		};
		239F42F829C9DE5F006A0C05 = {
			isa = PBXGroup;
			children = (
				239F430329C9DE5F006A0C05 /* FirebasePracticeApp */,
				239F430229C9DE5F006A0C05 /* Products */,
				2331C57229EB53F900F046C2 /* Frameworks */,
			);
			sourceTree = "<group>";
		};
		239F430229C9DE5F006A0C05 /* Products */ = {
			isa = PBXGroup;
			children = (
				239F430129C9DE5F006A0C05 /* FirebasePracticeApp.app */,
			);
			name = Products;
			sourceTree = "<group>";
		};
		239F430329C9DE5F006A0C05 /* FirebasePracticeApp */ = {
			isa = PBXGroup;
			children = (
				2345F51429CB164E002AF1DA /* Info.plist */,
				239F430429C9DE5F006A0C05 /* FirebasePracticeAppApp.swift */,
				239F430629C9DE5F006A0C05 /* ContentView.swift */,
				2331C58429EB582300F046C2 /* Firestore */,
				2331C57729EB545600F046C2 /* Core */,
				2345F51529CB19D7002AF1DA /* Utilities */,
				239F431C29C9DFFB006A0C05 /* Authentication */,
				239F430829C9DE60006A0C05 /* Assets.xcassets */,
				239F431329C9DF45006A0C05 /* GoogleService-Info.plist */,
				239F430A29C9DE60006A0C05 /* FirebasePracticeApp.entitlements */,
				239F430B29C9DE60006A0C05 /* Preview Content */,
			);
			path = FirebasePracticeApp;
			sourceTree = "<group>";
		};
		239F430B29C9DE60006A0C05 /* Preview Content */ = {
			isa = PBXGroup;
			children = (
				239F430C29C9DE60006A0C05 /* Preview Assets.xcassets */,
			);
			path = "Preview Content";
			sourceTree = "<group>";
		};
		239F431C29C9DFFB006A0C05 /* Authentication */ = {
			isa = PBXGroup;
			children = (
				239F432129C9E1C3006A0C05 /* AuthManager.swift */,
				2345F51829CB20B8002AF1DA /* SignInGoogleHelper.swift */,
			);
			path = Authentication;
			sourceTree = "<group>";
		};
/* End PBXGroup section */

/* Begin PBXNativeTarget section */
		239F430029C9DE5F006A0C05 /* FirebasePracticeApp */ = {
			isa = PBXNativeTarget;
			buildConfigurationList = 239F431029C9DE60006A0C05 /* Build configuration list for PBXNativeTarget "FirebasePracticeApp" */;
			buildPhases = (
				239F42FD29C9DE5F006A0C05 /* Sources */,
				239F42FE29C9DE5F006A0C05 /* Frameworks */,
				239F42FF29C9DE5F006A0C05 /* Resources */,
			);
			buildRules = (
			);
			dependencies = (
			);
			name = FirebasePracticeApp;
			packageProductDependencies = (
				239F431629C9DF92006A0C05 /* FirebaseAnalytics */,
				239F431829C9DF92006A0C05 /* FirebaseAnalyticsSwift */,
				239F431A29C9DF92006A0C05 /* FirebaseAuth */,
				2345F51029CB1612002AF1DA /* GoogleSignIn */,
				2345F51229CB1612002AF1DA /* GoogleSignInSwift */,
				2331C57329EB53F900F046C2 /* FirebaseFirestore */,
				2331C57529EB53F900F046C2 /* FirebaseFirestoreSwift */,
			);
			productName = FirebasePracticeApp;
			productReference = 239F430129C9DE5F006A0C05 /* FirebasePracticeApp.app */;
			productType = "com.apple.product-type.application";
		};
/* End PBXNativeTarget section */

/* Begin PBXProject section */
		239F42F929C9DE5F006A0C05 /* Project object */ = {
			isa = PBXProject;
			attributes = {
				BuildIndependentTargetsInParallel = 1;
				LastSwiftUpdateCheck = 1430;
				LastUpgradeCheck = 1430;
				TargetAttributes = {
					239F430029C9DE5F006A0C05 = {
						CreatedOnToolsVersion = 14.3;
					};
				};
			};
			buildConfigurationList = 239F42FC29C9DE5F006A0C05 /* Build configuration list for PBXProject "FirebasePracticeApp" */;
			compatibilityVersion = "Xcode 14.0";
			developmentRegion = en;
			hasScannedForEncodings = 0;
			knownRegions = (
				en,
				Base,
			);
			mainGroup = 239F42F829C9DE5F006A0C05;
			packageReferences = (
				239F431529C9DF92006A0C05 /* XCRemoteSwiftPackageReference "firebase-ios-sdk" */,
				2345F50F29CB1612002AF1DA /* XCRemoteSwiftPackageReference "GoogleSignIn-iOS" */,
			);
			productRefGroup = 239F430229C9DE5F006A0C05 /* Products */;
			projectDirPath = "";
			projectRoot = "";
			targets = (
				239F430029C9DE5F006A0C05 /* FirebasePracticeApp */,
			);
		};
/* End PBXProject section */

/* Begin PBXResourcesBuildPhase section */
		239F42FF29C9DE5F006A0C05 /* Resources */ = {
			isa = PBXResourcesBuildPhase;
			buildActionMask = 2147483647;
			files = (
				239F430D29C9DE60006A0C05 /* Preview Assets.xcassets in Resources */,
				239F430929C9DE60006A0C05 /* Assets.xcassets in Resources */,
				239F431429C9DF45006A0C05 /* GoogleService-Info.plist in Resources */,
			);
			runOnlyForDeploymentPostprocessing = 0;
		};
/* End PBXResourcesBuildPhase section */

/* Begin PBXSourcesBuildPhase section */
		239F42FD29C9DE5F006A0C05 /* Sources */ = {
			isa = PBXSourcesBuildPhase;
			buildActionMask = 2147483647;
			files = (
				239F432629C9E8C6006A0C05 /* SettingsView.swift in Sources */,
				2331C58329EB553900F046C2 /* ProfileView.swift in Sources */,
				2331C58629EB582F00F046C2 /* UserManager.swift in Sources */,
				239F430729C9DE5F006A0C05 /* ContentView.swift in Sources */,
				239F430529C9DE5F006A0C05 /* FirebasePracticeAppApp.swift in Sources */,
				239F432429C9E721006A0C05 /* RootView.swift in Sources */,
				2345F51929CB20B8002AF1DA /* SignInGoogleHelper.swift in Sources */,
				2331C57A29EB549500F046C2 /* SettingsViewModel.swift in Sources */,
				2345F51729CB19E3002AF1DA /* Utilites.swift in Sources */,
				2331C57D29EB54C800F046C2 /* AuthViewModel.swift in Sources */,
				239F431E29C9E00F006A0C05 /* AuthenticationView.swift in Sources */,
				239F432029C9E0C1006A0C05 /* SignUpWithEmalView.swift in Sources */,
				2331C58029EB54F400F046C2 /* SignUpViewModel.swift in Sources */,
				239F432229C9E1C3006A0C05 /* AuthManager.swift in Sources */,
			);
			runOnlyForDeploymentPostprocessing = 0;
		};
/* End PBXSourcesBuildPhase section */

/* Begin XCBuildConfiguration section */
		239F430E29C9DE60006A0C05 /* Debug */ = {
			isa = XCBuildConfiguration;
			buildSettings = {
				ALWAYS_SEARCH_USER_PATHS = NO;
				CLANG_ANALYZER_NONNULL = YES;
				CLANG_ANALYZER_NUMBER_OBJECT_CONVERSION = YES_AGGRESSIVE;
				CLANG_CXX_LANGUAGE_STANDARD = "gnu++20";
				CLANG_ENABLE_MODULES = YES;
				CLANG_ENABLE_OBJC_ARC = YES;
				CLANG_ENABLE_OBJC_WEAK = YES;
				CLANG_WARN_BLOCK_CAPTURE_AUTORELEASING = YES;
				CLANG_WARN_BOOL_CONVERSION = YES;
				CLANG_WARN_COMMA = YES;
				CLANG_WARN_CONSTANT_CONVERSION = YES;
				CLANG_WARN_DEPRECATED_OBJC_IMPLEMENTATIONS = YES;
				CLANG_WARN_DIRECT_OBJC_ISA_USAGE = YES_ERROR;
				CLANG_WARN_DOCUMENTATION_COMMENTS = YES;
				CLANG_WARN_EMPTY_BODY = YES;
				CLANG_WARN_ENUM_CONVERSION = YES;
				CLANG_WARN_INFINITE_RECURSION = YES;
				CLANG_WARN_INT_CONVERSION = YES;
				CLANG_WARN_NON_LITERAL_NULL_CONVERSION = YES;
				CLANG_WARN_OBJC_IMPLICIT_RETAIN_SELF = YES;
				CLANG_WARN_OBJC_LITERAL_CONVERSION = YES;
				CLANG_WARN_OBJC_ROOT_CLASS = YES_ERROR;
				CLANG_WARN_QUOTED_INCLUDE_IN_FRAMEWORK_HEADER = YES;
				CLANG_WARN_RANGE_LOOP_ANALYSIS = YES;
				CLANG_WARN_STRICT_PROTOTYPES = YES;
				CLANG_WARN_SUSPICIOUS_MOVE = YES;
				CLANG_WARN_UNGUARDED_AVAILABILITY = YES_AGGRESSIVE;
				CLANG_WARN_UNREACHABLE_CODE = YES;
				CLANG_WARN__DUPLICATE_METHOD_MATCH = YES;
				COPY_PHASE_STRIP = NO;
				DEBUG_INFORMATION_FORMAT = dwarf;
				ENABLE_STRICT_OBJC_MSGSEND = YES;
				ENABLE_TESTABILITY = YES;
				GCC_C_LANGUAGE_STANDARD = gnu11;
				GCC_DYNAMIC_NO_PIC = NO;
				GCC_NO_COMMON_BLOCKS = YES;
				GCC_OPTIMIZATION_LEVEL = 0;
				GCC_PREPROCESSOR_DEFINITIONS = (
					"DEBUG=1",
					"$(inherited)",
				);
				GCC_WARN_64_TO_32_BIT_CONVERSION = YES;
				GCC_WARN_ABOUT_RETURN_TYPE = YES_ERROR;
				GCC_WARN_UNDECLARED_SELECTOR = YES;
				GCC_WARN_UNINITIALIZED_AUTOS = YES_AGGRESSIVE;
				GCC_WARN_UNUSED_FUNCTION = YES;
				GCC_WARN_UNUSED_VARIABLE = YES;
				MTL_ENABLE_DEBUG_INFO = INCLUDE_SOURCE;
				MTL_FAST_MATH = YES;
				ONLY_ACTIVE_ARCH = YES;
				SWIFT_ACTIVE_COMPILATION_CONDITIONS = DEBUG;
				SWIFT_OPTIMIZATION_LEVEL = "-Onone";
			};
			name = Debug;
		};
		239F430F29C9DE60006A0C05 /* Release */ = {
			isa = XCBuildConfiguration;
			buildSettings = {
				ALWAYS_SEARCH_USER_PATHS = NO;
				CLANG_ANALYZER_NONNULL = YES;
				CLANG_ANALYZER_NUMBER_OBJECT_CONVERSION = YES_AGGRESSIVE;
				CLANG_CXX_LANGUAGE_STANDARD = "gnu++20";
				CLANG_ENABLE_MODULES = YES;
				CLANG_ENABLE_OBJC_ARC = YES;
				CLANG_ENABLE_OBJC_WEAK = YES;
				CLANG_WARN_BLOCK_CAPTURE_AUTORELEASING = YES;
				CLANG_WARN_BOOL_CONVERSION = YES;
				CLANG_WARN_COMMA = YES;
				CLANG_WARN_CONSTANT_CONVERSION = YES;
				CLANG_WARN_DEPRECATED_OBJC_IMPLEMENTATIONS = YES;
				CLANG_WARN_DIRECT_OBJC_ISA_USAGE = YES_ERROR;
				CLANG_WARN_DOCUMENTATION_COMMENTS = YES;
				CLANG_WARN_EMPTY_BODY = YES;
				CLANG_WARN_ENUM_CONVERSION = YES;
				CLANG_WARN_INFINITE_RECURSION = YES;
				CLANG_WARN_INT_CONVERSION = YES;
				CLANG_WARN_NON_LITERAL_NULL_CONVERSION = YES;
				CLANG_WARN_OBJC_IMPLICIT_RETAIN_SELF = YES;
				CLANG_WARN_OBJC_LITERAL_CONVERSION = YES;
				CLANG_WARN_OBJC_ROOT_CLASS = YES_ERROR;
				CLANG_WARN_QUOTED_INCLUDE_IN_FRAMEWORK_HEADER = YES;
				CLANG_WARN_RANGE_LOOP_ANALYSIS = YES;
				CLANG_WARN_STRICT_PROTOTYPES = YES;
				CLANG_WARN_SUSPICIOUS_MOVE = YES;
				CLANG_WARN_UNGUARDED_AVAILABILITY = YES_AGGRESSIVE;
				CLANG_WARN_UNREACHABLE_CODE = YES;
				CLANG_WARN__DUPLICATE_METHOD_MATCH = YES;
				COPY_PHASE_STRIP = NO;
				DEBUG_INFORMATION_FORMAT = "dwarf-with-dsym";
				ENABLE_NS_ASSERTIONS = NO;
				ENABLE_STRICT_OBJC_MSGSEND = YES;
				GCC_C_LANGUAGE_STANDARD = gnu11;
				GCC_NO_COMMON_BLOCKS = YES;
				GCC_WARN_64_TO_32_BIT_CONVERSION = YES;
				GCC_WARN_ABOUT_RETURN_TYPE = YES_ERROR;
				GCC_WARN_UNDECLARED_SELECTOR = YES;
				GCC_WARN_UNINITIALIZED_AUTOS = YES_AGGRESSIVE;
				GCC_WARN_UNUSED_FUNCTION = YES;
				GCC_WARN_UNUSED_VARIABLE = YES;
				MTL_ENABLE_DEBUG_INFO = NO;
				MTL_FAST_MATH = YES;
				SWIFT_COMPILATION_MODE = wholemodule;
				SWIFT_OPTIMIZATION_LEVEL = "-O";
			};
			name = Release;
		};
		239F431129C9DE60006A0C05 /* Debug */ = {
			isa = XCBuildConfiguration;
			buildSettings = {
				ASSETCATALOG_COMPILER_APPICON_NAME = AppIcon;
				ASSETCATALOG_COMPILER_GLOBAL_ACCENT_COLOR_NAME = AccentColor;
				CODE_SIGN_ENTITLEMENTS = FirebasePracticeApp/FirebasePracticeApp.entitlements;
				CODE_SIGN_STYLE = Automatic;
				CURRENT_PROJECT_VERSION = 1;
				DEVELOPMENT_ASSET_PATHS = "\"FirebasePracticeApp/Preview Content\"";
				DEVELOPMENT_TEAM = 62693BZN4B;
				ENABLE_HARDENED_RUNTIME = YES;
				ENABLE_PREVIEWS = YES;
				GENERATE_INFOPLIST_FILE = YES;
				INFOPLIST_FILE = FirebasePracticeApp/Info.plist;
				"INFOPLIST_KEY_UIApplicationSceneManifest_Generation[sdk=iphoneos*]" = YES;
				"INFOPLIST_KEY_UIApplicationSceneManifest_Generation[sdk=iphonesimulator*]" = YES;
				"INFOPLIST_KEY_UIApplicationSupportsIndirectInputEvents[sdk=iphoneos*]" = YES;
				"INFOPLIST_KEY_UIApplicationSupportsIndirectInputEvents[sdk=iphonesimulator*]" = YES;
				"INFOPLIST_KEY_UILaunchScreen_Generation[sdk=iphoneos*]" = YES;
				"INFOPLIST_KEY_UILaunchScreen_Generation[sdk=iphonesimulator*]" = YES;
				"INFOPLIST_KEY_UIStatusBarStyle[sdk=iphoneos*]" = UIStatusBarStyleDefault;
				"INFOPLIST_KEY_UIStatusBarStyle[sdk=iphonesimulator*]" = UIStatusBarStyleDefault;
				INFOPLIST_KEY_UISupportedInterfaceOrientations = UIInterfaceOrientationPortrait;
				INFOPLIST_KEY_UISupportedInterfaceOrientations_iPad = "UIInterfaceOrientationPortrait UIInterfaceOrientationPortraitUpsideDown";
				IPHONEOS_DEPLOYMENT_TARGET = 16.3;
				LD_RUNPATH_SEARCH_PATHS = "@executable_path/Frameworks";
				"LD_RUNPATH_SEARCH_PATHS[sdk=macosx*]" = "@executable_path/../Frameworks";
				MACOSX_DEPLOYMENT_TARGET = 13.0;
				MARKETING_VERSION = 1.0;
				PRODUCT_BUNDLE_IDENTIFIER = berkaydisli.FirebasePracticeApp;
				PRODUCT_NAME = "$(TARGET_NAME)";
				SDKROOT = auto;
				SUPPORTED_PLATFORMS = "iphoneos iphonesimulator";
				SUPPORTS_MACCATALYST = NO;
				SUPPORTS_MAC_DESIGNED_FOR_IPHONE_IPAD = NO;
				SWIFT_EMIT_LOC_STRINGS = YES;
				SWIFT_VERSION = 5.0;
				TARGETED_DEVICE_FAMILY = 1;
			};
			name = Debug;
		};
		239F431229C9DE60006A0C05 /* Release */ = {
			isa = XCBuildConfiguration;
			buildSettings = {
				ASSETCATALOG_COMPILER_APPICON_NAME = AppIcon;
				ASSETCATALOG_COMPILER_GLOBAL_ACCENT_COLOR_NAME = AccentColor;
				CODE_SIGN_ENTITLEMENTS = FirebasePracticeApp/FirebasePracticeApp.entitlements;
				CODE_SIGN_STYLE = Automatic;
				CURRENT_PROJECT_VERSION = 1;
				DEVELOPMENT_ASSET_PATHS = "\"FirebasePracticeApp/Preview Content\"";
				DEVELOPMENT_TEAM = 62693BZN4B;
				ENABLE_HARDENED_RUNTIME = YES;
				ENABLE_PREVIEWS = YES;
				GENERATE_INFOPLIST_FILE = YES;
				INFOPLIST_FILE = FirebasePracticeApp/Info.plist;
				"INFOPLIST_KEY_UIApplicationSceneManifest_Generation[sdk=iphoneos*]" = YES;
				"INFOPLIST_KEY_UIApplicationSceneManifest_Generation[sdk=iphonesimulator*]" = YES;
				"INFOPLIST_KEY_UIApplicationSupportsIndirectInputEvents[sdk=iphoneos*]" = YES;
				"INFOPLIST_KEY_UIApplicationSupportsIndirectInputEvents[sdk=iphonesimulator*]" = YES;
				"INFOPLIST_KEY_UILaunchScreen_Generation[sdk=iphoneos*]" = YES;
				"INFOPLIST_KEY_UILaunchScreen_Generation[sdk=iphonesimulator*]" = YES;
				"INFOPLIST_KEY_UIStatusBarStyle[sdk=iphoneos*]" = UIStatusBarStyleDefault;
				"INFOPLIST_KEY_UIStatusBarStyle[sdk=iphonesimulator*]" = UIStatusBarStyleDefault;
				INFOPLIST_KEY_UISupportedInterfaceOrientations = UIInterfaceOrientationPortrait;
				INFOPLIST_KEY_UISupportedInterfaceOrientations_iPad = "UIInterfaceOrientationPortrait UIInterfaceOrientationPortraitUpsideDown";
				IPHONEOS_DEPLOYMENT_TARGET = 16.3;
				LD_RUNPATH_SEARCH_PATHS = "@executable_path/Frameworks";
				"LD_RUNPATH_SEARCH_PATHS[sdk=macosx*]" = "@executable_path/../Frameworks";
				MACOSX_DEPLOYMENT_TARGET = 13.0;
				MARKETING_VERSION = 1.0;
				PRODUCT_BUNDLE_IDENTIFIER = berkaydisli.FirebasePracticeApp;
				PRODUCT_NAME = "$(TARGET_NAME)";
				SDKROOT = auto;
				SUPPORTED_PLATFORMS = "iphoneos iphonesimulator";
				SUPPORTS_MACCATALYST = NO;
				SUPPORTS_MAC_DESIGNED_FOR_IPHONE_IPAD = NO;
				SWIFT_EMIT_LOC_STRINGS = YES;
				SWIFT_VERSION = 5.0;
				TARGETED_DEVICE_FAMILY = 1;
			};
			name = Release;
		};
/* End XCBuildConfiguration section */

/* Begin XCConfigurationList section */
		239F42FC29C9DE5F006A0C05 /* Build configuration list for PBXProject "FirebasePracticeApp" */ = {
			isa = XCConfigurationList;
			buildConfigurations = (
				239F430E29C9DE60006A0C05 /* Debug */,
				239F430F29C9DE60006A0C05 /* Release */,
			);
			defaultConfigurationIsVisible = 0;
			defaultConfigurationName = Release;
		};
		239F431029C9DE60006A0C05 /* Build configuration list for PBXNativeTarget "FirebasePracticeApp" */ = {
			isa = XCConfigurationList;
			buildConfigurations = (
				239F431129C9DE60006A0C05 /* Debug */,
				239F431229C9DE60006A0C05 /* Release */,
			);
			defaultConfigurationIsVisible = 0;
			defaultConfigurationName = Release;
		};
/* End XCConfigurationList section */

/* Begin XCRemoteSwiftPackageReference section */
		2345F50F29CB1612002AF1DA /* XCRemoteSwiftPackageReference "GoogleSignIn-iOS" */ = {
			isa = XCRemoteSwiftPackageReference;
			repositoryURL = "https://github.com/google/GoogleSignIn-iOS";
			requirement = {
				kind = upToNextMajorVersion;
				minimumVersion = 7.0.0;
			};
		};
		239F431529C9DF92006A0C05 /* XCRemoteSwiftPackageReference "firebase-ios-sdk" */ = {
			isa = XCRemoteSwiftPackageReference;
			repositoryURL = "https://github.com/firebase/firebase-ios-sdk";
			requirement = {
				kind = upToNextMajorVersion;
				minimumVersion = 10.0.0;
			};
		};
/* End XCRemoteSwiftPackageReference section */

/* Begin XCSwiftPackageProductDependency section */
		2331C57329EB53F900F046C2 /* FirebaseFirestore */ = {
			isa = XCSwiftPackageProductDependency;
			package = 239F431529C9DF92006A0C05 /* XCRemoteSwiftPackageReference "firebase-ios-sdk" */;
			productName = FirebaseFirestore;
		};
		2331C57529EB53F900F046C2 /* FirebaseFirestoreSwift */ = {
			isa = XCSwiftPackageProductDependency;
			package = 239F431529C9DF92006A0C05 /* XCRemoteSwiftPackageReference "firebase-ios-sdk" */;
			productName = FirebaseFirestoreSwift;
		};
		2345F51029CB1612002AF1DA /* GoogleSignIn */ = {
			isa = XCSwiftPackageProductDependency;
			package = 2345F50F29CB1612002AF1DA /* XCRemoteSwiftPackageReference "GoogleSignIn-iOS" */;
			productName = GoogleSignIn;
		};
		2345F51229CB1612002AF1DA /* GoogleSignInSwift */ = {
			isa = XCSwiftPackageProductDependency;
			package = 2345F50F29CB1612002AF1DA /* XCRemoteSwiftPackageReference "GoogleSignIn-iOS" */;
			productName = GoogleSignInSwift;
		};
		239F431629C9DF92006A0C05 /* FirebaseAnalytics */ = {
			isa = XCSwiftPackageProductDependency;
			package = 239F431529C9DF92006A0C05 /* XCRemoteSwiftPackageReference "firebase-ios-sdk" */;
			productName = FirebaseAnalytics;
		};
		239F431829C9DF92006A0C05 /* FirebaseAnalyticsSwift */ = {
			isa = XCSwiftPackageProductDependency;
			package = 239F431529C9DF92006A0C05 /* XCRemoteSwiftPackageReference "firebase-ios-sdk" */;
			productName = FirebaseAnalyticsSwift;
		};
		239F431A29C9DF92006A0C05 /* FirebaseAuth */ = {
			isa = XCSwiftPackageProductDependency;
			package = 239F431529C9DF92006A0C05 /* XCRemoteSwiftPackageReference "firebase-ios-sdk" */;
			productName = FirebaseAuth;
		};
/* End XCSwiftPackageProductDependency section */
	};
	rootObject = 239F42F929C9DE5F006A0C05 /* Project object */;
}
